
Microsoft Visual Studio Solution File, Format Version 12.00
# Visual Studio Version 16
VisualStudioVersion = 16.0.32126.315
MinimumVisualStudioVersion = 10.0.40219.1
Project("{FAE04EC0-301F-11D3-BF4B-00C04F79EFBC}") = "Prova", "Prova\Prova.csproj", "{768E056B-1900-475A-8906-63BC372A7467}"
EndProject
Global
	GlobalSection(SolutionConfigurationPlatforms) = preSolution
		Debug|Any CPU = Debug|Any CPU
		Release|Any CPU = Release|Any CPU
	EndGlobalSection
	GlobalSection(ProjectConfigurationPlatforms) = postSolution
		{768E056B-1900-475A-8906-63BC372A7467}.Debug|Any CPU.ActiveCfg = Debug|Any CPU
		{768E056B-1900-475A-8906-63BC372A7467}.Debug|Any CPU.Build.0 = Debug|Any CPU
		{768E056B-1900-475A-8906-63BC372A7467}.Release|Any CPU.ActiveCfg = Release|Any CPU
		{768E056B-1900-475A-8906-63BC372A7467}.Release|Any CPU.Build.0 = Release|Any CPU
	EndGlobalSection
	GlobalSection(SolutionProperties) = preSolution
		HideSolutionNode = FALSE
	EndGlobalSection
	GlobalSection(ExtensibilityGlobals) = postSolution
		SolutionGuid = {46690415-77F5-4481-8868-9827BF50F814}
	EndGlobalSection
EndGlobal
